// !$*UTF8*$!
{
	archiveVersion = 1;
	classes = {
	};
	objectVersion = 46;
	objects = {

/* Begin PBXBuildFile section */
		2A1301631E29F3ED00D4967D /* AppDelegate.swift in Sources */ = {isa = PBXBuildFile; fileRef = 2A1301621E29F3ED00D4967D /* AppDelegate.swift */; };
		2A1301651E29F3ED00D4967D /* ViewController.swift in Sources */ = {isa = PBXBuildFile; fileRef = 2A1301641E29F3ED00D4967D /* ViewController.swift */; };
		2A1301681E29F3ED00D4967D /* Main.storyboard in Resources */ = {isa = PBXBuildFile; fileRef = 2A1301661E29F3ED00D4967D /* Main.storyboard */; };
		2A13016A1E29F3ED00D4967D /* Assets.xcassets in Resources */ = {isa = PBXBuildFile; fileRef = 2A1301691E29F3ED00D4967D /* Assets.xcassets */; };
		2A13016D1E29F3ED00D4967D /* LaunchScreen.storyboard in Resources */ = {isa = PBXBuildFile; fileRef = 2A13016B1E29F3ED00D4967D /* LaunchScreen.storyboard */; };
		2A1301781E29F3ED00D4967D /* tippyTests.swift in Sources */ = {isa = PBXBuildFile; fileRef = 2A1301771E29F3ED00D4967D /* tippyTests.swift */; };
		2A1301831E29F3ED00D4967D /* tippyUITests.swift in Sources */ = {isa = PBXBuildFile; fileRef = 2A1301821E29F3ED00D4967D /* tippyUITests.swift */; };
/* End PBXBuildFile section */

/* Begin PBXContainerItemProxy section */
		2A1301741E29F3ED00D4967D /* PBXContainerItemProxy */ = {
			isa = PBXContainerItemProxy;
			containerPortal = 2A1301571E29F3ED00D4967D /* Project object */;
			proxyType = 1;
			remoteGlobalIDString = 2A13015E1E29F3ED00D4967D;
			remoteInfo = tippy;
		};
		2A13017F1E29F3ED00D4967D /* PBXContainerItemProxy */ = {
			isa = PBXContainerItemProxy;
			containerPortal = 2A1301571E29F3ED00D4967D /* Project object */;
			proxyType = 1;
			remoteGlobalIDString = 2A13015E1E29F3ED00D4967D;
			remoteInfo = tippy;
		};
/* End PBXContainerItemProxy section */

/* Begin PBXFileReference section */
		2A13015F1E29F3ED00D4967D /* tippy.app */ = {isa = PBXFileReference; explicitFileType = wrapper.application; includeInIndex = 0; path = tippy.app; sourceTree = BUILT_PRODUCTS_DIR; };
		2A1301621E29F3ED00D4967D /* AppDelegate.swift */ = {isa = PBXFileReference; lastKnownFileType = sourcecode.swift; path = AppDelegate.swift; sourceTree = "<group>"; };
		2A1301641E29F3ED00D4967D /* ViewController.swift */ = {isa = PBXFileReference; lastKnownFileType = sourcecode.swift; path = ViewController.swift; sourceTree = "<group>"; };
		2A1301671E29F3ED00D4967D /* Base */ = {isa = PBXFileReference; lastKnownFileType = file.storyboard; name = Base; path = Base.lproj/Main.storyboard; sourceTree = "<group>"; };
		2A1301691E29F3ED00D4967D /* Assets.xcassets */ = {isa = PBXFileReference; lastKnownFileType = folder.assetcatalog; path = Assets.xcassets; sourceTree = "<group>"; };
		2A13016C1E29F3ED00D4967D /* Base */ = {isa = PBXFileReference; lastKnownFileType = file.storyboard; name = Base; path = Base.lproj/LaunchScreen.storyboard; sourceTree = "<group>"; };
		2A13016E1E29F3ED00D4967D /* Info.plist */ = {isa = PBXFileReference; lastKnownFileType = text.plist.xml; path = Info.plist; sourceTree = "<group>"; };
		2A1301731E29F3ED00D4967D /* tippyTests.xctest */ = {isa = PBXFileReference; explicitFileType = wrapper.cfbundle; includeInIndex = 0; path = tippyTests.xctest; sourceTree = BUILT_PRODUCTS_DIR; };
		2A1301771E29F3ED00D4967D /* tippyTests.swift */ = {isa = PBXFileReference; lastKnownFileType = sourcecode.swift; path = tippyTests.swift; sourceTree = "<group>"; };
		2A1301791E29F3ED00D4967D /* Info.plist */ = {isa = PBXFileReference; lastKnownFileType = text.plist.xml; path = Info.plist; sourceTree = "<group>"; };
		2A13017E1E29F3ED00D4967D /* tippyUITests.xctest */ = {isa = PBXFileReference; explicitFileType = wrapper.cfbundle; includeInIndex = 0; path = tippyUITests.xctest; sourceTree = BUILT_PRODUCTS_DIR; };
		2A1301821E29F3ED00D4967D /* tippyUITests.swift */ = {isa = PBXFileReference; lastKnownFileType = sourcecode.swift; path = tippyUITests.swift; sourceTree = "<group>"; };
		2A1301841E29F3ED00D4967D /* Info.plist */ = {isa = PBXFileReference; lastKnownFileType = text.plist.xml; path = Info.plist; sourceTree = "<group>"; };
/* End PBXFileReference section */

/* Begin PBXFrameworksBuildPhase section */
		2A13015C1E29F3ED00D4967D /* Frameworks */ = {
			isa = PBXFrameworksBuildPhase;
			buildActionMask = 2147483647;
			files = (
			);
			runOnlyForDeploymentPostprocessing = 0;
		};
		2A1301701E29F3ED00D4967D /* Frameworks */ = {
			isa = PBXFrameworksBuildPhase;
			buildActionMask = 2147483647;
			files = (
			);
			runOnlyForDeploymentPostprocessing = 0;
		};
		2A13017B1E29F3ED00D4967D /* Frameworks */ = {
			isa = PBXFrameworksBuildPhase;
			buildActionMask = 2147483647;
			files = (
			);
			runOnlyForDeploymentPostprocessing = 0;
		};
/* End PBXFrameworksBuildPhase section */

/* Begin PBXGroup section */
		2A1301561E29F3ED00D4967D = {
			isa = PBXGroup;
			children = (
				2A1301611E29F3ED00D4967D /* tippy */,
				2A1301761E29F3ED00D4967D /* tippyTests */,
				2A1301811E29F3ED00D4967D /* tippyUITests */,
				2A1301601E29F3ED00D4967D /* Products */,
			);
			sourceTree = "<group>";
		};
		2A1301601E29F3ED00D4967D /* Products */ = {
			isa = PBXGroup;
			children = (
				2A13015F1E29F3ED00D4967D /* tippy.app */,
				2A1301731E29F3ED00D4967D /* tippyTests.xctest */,
				2A13017E1E29F3ED00D4967D /* tippyUITests.xctest */,
			);
			name = Products;
			sourceTree = "<group>";
		};
		2A1301611E29F3ED00D4967D /* tippy */ = {
			isa = PBXGroup;
			children = (
				2A1301621E29F3ED00D4967D /* AppDelegate.swift */,
				2A1301641E29F3ED00D4967D /* ViewController.swift */,
				2A1301661E29F3ED00D4967D /* Main.storyboard */,
				2A1301691E29F3ED00D4967D /* Assets.xcassets */,
				2A13016B1E29F3ED00D4967D /* LaunchScreen.storyboard */,
				2A13016E1E29F3ED00D4967D /* Info.plist */,
			);
			path = tippy;
			sourceTree = "<group>";
		};
		2A1301761E29F3ED00D4967D /* tippyTests */ = {
			isa = PBXGroup;
			children = (
				2A1301771E29F3ED00D4967D /* tippyTests.swift */,
				2A1301791E29F3ED00D4967D /* Info.plist */,
			);
			path = tippyTests;
			sourceTree = "<group>";
		};
		2A1301811E29F3ED00D4967D /* tippyUITests */ = {
			isa = PBXGroup;
			children = (
				2A1301821E29F3ED00D4967D /* tippyUITests.swift */,
				2A1301841E29F3ED00D4967D /* Info.plist */,
			);
			path = tippyUITests;
			sourceTree = "<group>";
		};
/* End PBXGroup section */

/* Begin PBXNativeTarget section */
		2A13015E1E29F3ED00D4967D /* tippy */ = {
			isa = PBXNativeTarget;
			buildConfigurationList = 2A1301871E29F3ED00D4967D /* Build configuration list for PBXNativeTarget "tippy" */;
			buildPhases = (
				2A13015B1E29F3ED00D4967D /* Sources */,
				2A13015C1E29F3ED00D4967D /* Frameworks */,
				2A13015D1E29F3ED00D4967D /* Resources */,
			);
			buildRules = (
			);
			dependencies = (
			);
			name = tippy;
			productName = tippy;
			productReference = 2A13015F1E29F3ED00D4967D /* tippy.app */;
			productType = "com.apple.product-type.application";
		};
		2A1301721E29F3ED00D4967D /* tippyTests */ = {
			isa = PBXNativeTarget;
			buildConfigurationList = 2A13018A1E29F3ED00D4967D /* Build configuration list for PBXNativeTarget "tippyTests" */;
			buildPhases = (
				2A13016F1E29F3ED00D4967D /* Sources */,
				2A1301701E29F3ED00D4967D /* Frameworks */,
				2A1301711E29F3ED00D4967D /* Resources */,
			);
			buildRules = (
			);
			dependencies = (
				2A1301751E29F3ED00D4967D /* PBXTargetDependency */,
			);
			name = tippyTests;
			productName = tippyTests;
			productReference = 2A1301731E29F3ED00D4967D /* tippyTests.xctest */;
			productType = "com.apple.product-type.bundle.unit-test";
		};
		2A13017D1E29F3ED00D4967D /* tippyUITests */ = {
			isa = PBXNativeTarget;
			buildConfigurationList = 2A13018D1E29F3ED00D4967D /* Build configuration list for PBXNativeTarget "tippyUITests" */;
			buildPhases = (
				2A13017A1E29F3ED00D4967D /* Sources */,
				2A13017B1E29F3ED00D4967D /* Frameworks */,
				2A13017C1E29F3ED00D4967D /* Resources */,
			);
			buildRules = (
			);
			dependencies = (
				2A1301801E29F3ED00D4967D /* PBXTargetDependency */,
			);
			name = tippyUITests;
			productName = tippyUITests;
			productReference = 2A13017E1E29F3ED00D4967D /* tippyUITests.xctest */;
			productType = "com.apple.product-type.bundle.ui-testing";
		};
/* End PBXNativeTarget section */

/* Begin PBXProject section */
		2A1301571E29F3ED00D4967D /* Project object */ = {
			isa = PBXProject;
			attributes = {
				LastSwiftUpdateCheck = 0720;
				LastUpgradeCheck = 0720;
				ORGANIZATIONNAME = "Tarekul Islam";
				TargetAttributes = {
					2A13015E1E29F3ED00D4967D = {
						CreatedOnToolsVersion = 7.2.1;
					};
					2A1301721E29F3ED00D4967D = {
						CreatedOnToolsVersion = 7.2.1;
						TestTargetID = 2A13015E1E29F3ED00D4967D;
					};
					2A13017D1E29F3ED00D4967D = {
						CreatedOnToolsVersion = 7.2.1;
						TestTargetID = 2A13015E1E29F3ED00D4967D;
					};
				};
			};
			buildConfigurationList = 2A13015A1E29F3ED00D4967D /* Build configuration list for PBXProject "tippy" */;
			compatibilityVersion = "Xcode 3.2";
			developmentRegion = English;
			hasScannedForEncodings = 0;
			knownRegions = (
				en,
				Base,
			);
			mainGroup = 2A1301561E29F3ED00D4967D;
			productRefGroup = 2A1301601E29F3ED00D4967D /* Products */;
			projectDirPath = "";
			projectRoot = "";
			targets = (
				2A13015E1E29F3ED00D4967D /* tippy */,
				2A1301721E29F3ED00D4967D /* tippyTests */,
				2A13017D1E29F3ED00D4967D /* tippyUITests */,
			);
		};
/* End PBXProject section */

/* Begin PBXResourcesBuildPhase section */
		2A13015D1E29F3ED00D4967D /* Resources */ = {
			isa = PBXResourcesBuildPhase;
			buildActionMask = 2147483647;
			files = (
				2A13016D1E29F3ED00D4967D /* LaunchScreen.storyboard in Resources */,
				2A13016A1E29F3ED00D4967D /* Assets.xcassets in Resources */,
				2A1301681E29F3ED00D4967D /* Main.storyboard in Resources */,
			);
			runOnlyForDeploymentPostprocessing = 0;
		};
		2A1301711E29F3ED00D4967D /* Resources */ = {
			isa = PBXResourcesBuildPhase;
			buildActionMask = 2147483647;
			files = (
			);
			runOnlyForDeploymentPostprocessing = 0;
		};
		2A13017C1E29F3ED00D4967D /* Resources */ = {
			isa = PBXResourcesBuildPhase;
			buildActionMask = 2147483647;
			files = (
			);
			runOnlyForDeploymentPostprocessing = 0;
		};
/* End PBXResourcesBuildPhase section */

/* Begin PBXSourcesBuildPhase section */
		2A13015B1E29F3ED00D4967D /* Sources */ = {
			isa = PBXSourcesBuildPhase;
			buildActionMask = 2147483647;
			files = (
				2A1301651E29F3ED00D4967D /* ViewController.swift in Sources */,
				2A1301631E29F3ED00D4967D /* AppDelegate.swift in Sources */,
			);
			runOnlyForDeploymentPostprocessing = 0;
		};
		2A13016F1E29F3ED00D4967D /* Sources */ = {
			isa = PBXSourcesBuildPhase;
			buildActionMask = 2147483647;
			files = (
				2A1301781E29F3ED00D4967D /* tippyTests.swift in Sources */,
			);
			runOnlyForDeploymentPostprocessing = 0;
		};
		2A13017A1E29F3ED00D4967D /* Sources */ = {
			isa = PBXSourcesBuildPhase;
			buildActionMask = 2147483647;
			files = (
				2A1301831E29F3ED00D4967D /* tippyUITests.swift in Sources */,
			);
			runOnlyForDeploymentPostprocessing = 0;
		};
/* End PBXSourcesBuildPhase section */

/* Begin PBXTargetDependency section */
		2A1301751E29F3ED00D4967D /* PBXTargetDependency */ = {
			isa = PBXTargetDependency;
			target = 2A13015E1E29F3ED00D4967D /* tippy */;
			targetProxy = 2A1301741E29F3ED00D4967D /* PBXContainerItemProxy */;
		};
		2A1301801E29F3ED00D4967D /* PBXTargetDependency */ = {
			isa = PBXTargetDependency;
			target = 2A13015E1E29F3ED00D4967D /* tippy */;
			targetProxy = 2A13017F1E29F3ED00D4967D /* PBXContainerItemProxy */;
		};
/* End PBXTargetDependency section */

/* Begin PBXVariantGroup section */
		2A1301661E29F3ED00D4967D /* Main.storyboard */ = {
			isa = PBXVariantGroup;
			children = (
				2A1301671E29F3ED00D4967D /* Base */,
			);
			name = Main.storyboard;
			sourceTree = "<group>";
		};
		2A13016B1E29F3ED00D4967D /* LaunchScreen.storyboard */ = {
			isa = PBXVariantGroup;
			children = (
				2A13016C1E29F3ED00D4967D /* Base */,
			);
			name = LaunchScreen.storyboard;
			sourceTree = "<group>";
		};
/* End PBXVariantGroup section */

/* Begin XCBuildConfiguration section */
		2A1301851E29F3ED00D4967D /* Debug */ = {
			isa = XCBuildConfiguration;
			buildSettings = {
				ALWAYS_SEARCH_USER_PATHS = NO;
				CLANG_CXX_LANGUAGE_STANDARD = "gnu++0x";
				CLANG_CXX_LIBRARY = "libc++";
				CLANG_ENABLE_MODULES = YES;
				CLANG_ENABLE_OBJC_ARC = YES;
				CLANG_WARN_BOOL_CONVERSION = YES;
				CLANG_WARN_CONSTANT_CONVERSION = YES;
				CLANG_WARN_DIRECT_OBJC_ISA_USAGE = YES_ERROR;
				CLANG_WARN_EMPTY_BODY = YES;
				CLANG_WARN_ENUM_CONVERSION = YES;
				CLANG_WARN_INT_CONVERSION = YES;
				CLANG_WARN_OBJC_ROOT_CLASS = YES_ERROR;
				CLANG_WARN_UNREACHABLE_CODE = YES;
				CLANG_WARN__DUPLICATE_METHOD_MATCH = YES;
				"CODE_SIGN_IDENTITY[sdk=iphoneos*]" = "iPhone Developer";
				COPY_PHASE_STRIP = NO;
				DEBUG_INFORMATION_FORMAT = dwarf;
				ENABLE_STRICT_OBJC_MSGSEND = YES;
				ENABLE_TESTABILITY = YES;
				GCC_C_LANGUAGE_STANDARD = gnu99;
				GCC_DYNAMIC_NO_PIC = NO;
				GCC_NO_COMMON_BLOCKS = YES;
				GCC_OPTIMIZATION_LEVEL = 0;
				GCC_PREPROCESSOR_DEFINITIONS = (
					"DEBUG=1",
					"$(inherited)",
				);
				GCC_WARN_64_TO_32_BIT_CONVERSION = YES;
				GCC_WARN_ABOUT_RETURN_TYPE = YES_ERROR;
				GCC_WARN_UNDECLARED_SELECTOR = YES;
				GCC_WARN_UNINITIALIZED_AUTOS = YES_AGGRESSIVE;
				GCC_WARN_UNUSED_FUNCTION = YES;
				GCC_WARN_UNUSED_VARIABLE = YES;
				IPHONEOS_DEPLOYMENT_TARGET = 9.2;
				MTL_ENABLE_DEBUG_INFO = YES;
				ONLY_ACTIVE_ARCH = YES;
				SDKROOT = iphoneos;
				SWIFT_OPTIMIZATION_LEVEL = "-Onone";
			};
			name = Debug;
		};
		2A1301861E29F3ED00D4967D /* Release */ = {
			isa = XCBuildConfiguration;
			buildSettings = {
				ALWAYS_SEARCH_USER_PATHS = NO;
				CLANG_CXX_LANGUAGE_STANDARD = "gnu++0x";
				CLANG_CXX_LIBRARY = "libc++";
				CLANG_ENABLE_MODULES = YES;
				CLANG_ENABLE_OBJC_ARC = YES;
				CLANG_WARN_BOOL_CONVERSION = YES;
				CLANG_WARN_CONSTANT_CONVERSION = YES;
				CLANG_WARN_DIRECT_OBJC_ISA_USAGE = YES_ERROR;
				CLANG_WARN_EMPTY_BODY = YES;
				CLANG_WARN_ENUM_CONVERSION = YES;
				CLANG_WARN_INT_CONVERSION = YES;
				CLANG_WARN_OBJC_ROOT_CLASS = YES_ERROR;
				CLANG_WARN_UNREACHABLE_CODE = YES;
				CLANG_WARN__DUPLICATE_METHOD_MATCH = YES;
				"CODE_SIGN_IDENTITY[sdk=iphoneos*]" = "iPhone Developer";
				COPY_PHASE_STRIP = NO;
				DEBUG_INFORMATION_FORMAT = "dwarf-with-dsym";
				ENABLE_NS_ASSERTIONS = NO;
				ENABLE_STRICT_OBJC_MSGSEND = YES;
				GCC_C_LANGUAGE_STANDARD = gnu99;
				GCC_NO_COMMON_BLOCKS = YES;
				GCC_WARN_64_TO_32_BIT_CONVERSION = YES;
				GCC_WARN_ABOUT_RETURN_TYPE = YES_ERROR;
				GCC_WARN_UNDECLARED_SELECTOR = YES;
				GCC_WARN_UNINITIALIZED_AUTOS = YES_AGGRESSIVE;
				GCC_WARN_UNUSED_FUNCTION = YES;
				GCC_WARN_UNUSED_VARIABLE = YES;
				IPHONEOS_DEPLOYMENT_TARGET = 9.2;
				MTL_ENABLE_DEBUG_INFO = NO;
				SDKROOT = iphoneos;
				VALIDATE_PRODUCT = YES;
			};
			name = Release;
		};
		2A1301881E29F3ED00D4967D /* Debug */ = {
			isa = XCBuildConfiguration;
			buildSettings = {
				ASSETCATALOG_COMPILER_APPICON_NAME = AppIcon;
				INFOPLIST_FILE = tippy/Info.plist;
				LD_RUNPATH_SEARCH_PATHS = "$(inherited) @executable_path/Frameworks";
				PRODUCT_BUNDLE_IDENTIFIER = tarekul.tippy;
				PRODUCT_NAME = "$(TARGET_NAME)";
			};
			name = Debug;
		};
		2A1301891E29F3ED00D4967D /* Release */ = {
			isa = XCBuildConfiguration;
			buildSettings = {
				ASSETCATALOG_COMPILER_APPICON_NAME = AppIcon;
				INFOPLIST_FILE = tippy/Info.plist;
				LD_RUNPATH_SEARCH_PATHS = "$(inherited) @executable_path/Frameworks";
				PRODUCT_BUNDLE_IDENTIFIER = tarekul.tippy;
				PRODUCT_NAME = "$(TARGET_NAME)";
			};
			name = Release;
		};
		2A13018B1E29F3ED00D4967D /* Debug */ = {
			isa = XCBuildConfiguration;
			buildSettings = {
				BUNDLE_LOADER = "$(TEST_HOST)";
				INFOPLIST_FILE = tippyTests/Info.plist;
				LD_RUNPATH_SEARCH_PATHS = "$(inherited) @executable_path/Frameworks @loader_path/Frameworks";
				PRODUCT_BUNDLE_IDENTIFIER = tarekul.tippyTests;
				PRODUCT_NAME = "$(TARGET_NAME)";
				TEST_HOST = "$(BUILT_PRODUCTS_DIR)/tippy.app/tippy";
			};
			name = Debug;
		};
		2A13018C1E29F3ED00D4967D /* Release */ = {
			isa = XCBuildConfiguration;
			buildSettings = {
				BUNDLE_LOADER = "$(TEST_HOST)";
				INFOPLIST_FILE = tippyTests/Info.plist;
				LD_RUNPATH_SEARCH_PATHS = "$(inherited) @executable_path/Frameworks @loader_path/Frameworks";
				PRODUCT_BUNDLE_IDENTIFIER = tarekul.tippyTests;
				PRODUCT_NAME = "$(TARGET_NAME)";
				TEST_HOST = "$(BUILT_PRODUCTS_DIR)/tippy.app/tippy";
			};
			name = Release;
		};
		2A13018E1E29F3ED00D4967D /* Debug */ = {
			isa = XCBuildConfiguration;
			buildSettings = {
				INFOPLIST_FILE = tippyUITests/Info.plist;
				LD_RUNPATH_SEARCH_PATHS = "$(inherited) @executable_path/Frameworks @loader_path/Frameworks";
				PRODUCT_BUNDLE_IDENTIFIER = tarekul.tippyUITests;
				PRODUCT_NAME = "$(TARGET_NAME)";
				TEST_TARGET_NAME = tippy;
				USES_XCTRUNNER = YES;
			};
			name = Debug;
		};
		2A13018F1E29F3ED00D4967D /* Release */ = {
			isa = XCBuildConfiguration;
			buildSettings = {
				INFOPLIST_FILE = tippyUITests/Info.plist;
				LD_RUNPATH_SEARCH_PATHS = "$(inherited) @executable_path/Frameworks @loader_path/Frameworks";
				PRODUCT_BUNDLE_IDENTIFIER = tarekul.tippyUITests;
				PRODUCT_NAME = "$(TARGET_NAME)";
				TEST_TARGET_NAME = tippy;
				USES_XCTRUNNER = YES;
			};
			name = Release;
		};
/* End XCBuildConfiguration section */

/* Begin XCConfigurationList section */
		2A13015A1E29F3ED00D4967D /* Build configuration list for PBXProject "tippy" */ = {
			isa = XCConfigurationList;
			buildConfigurations = (
				2A1301851E29F3ED00D4967D /* Debug */,
				2A1301861E29F3ED00D4967D /* Release */,
			);
			defaultConfigurationIsVisible = 0;
			defaultConfigurationName = Release;
		};
		2A1301871E29F3ED00D4967D /* Build configuration list for PBXNativeTarget "tippy" */ = {
			isa = XCConfigurationList;
			buildConfigurations = (
				2A1301881E29F3ED00D4967D /* Debug */,
				2A1301891E29F3ED00D4967D /* Release */,
			);
			defaultConfigurationIsVisible = 0;
		};
		2A13018A1E29F3ED00D4967D /* Build configuration list for PBXNativeTarget "tippyTests" */ = {
			isa = XCConfigurationList;
			buildConfigurations = (
				2A13018B1E29F3ED00D4967D /* Debug */,
				2A13018C1E29F3ED00D4967D /* Release */,
			);
			defaultConfigurationIsVisible = 0;
		};
		2A13018D1E29F3ED00D4967D /* Build configuration list for PBXNativeTarget "tippyUITests" */ = {
			isa = XCConfigurationList;
			buildConfigurations = (
				2A13018E1E29F3ED00D4967D /* Debug */,
				2A13018F1E29F3ED00D4967D /* Release */,
			);
			defaultConfigurationIsVisible = 0;
		};
/* End XCConfigurationList section */
	};
	rootObject = 2A1301571E29F3ED00D4967D /* Project object */;
}
